
Microsoft Visual Studio Solution File, Format Version 12.00
# Visual Studio Version 17
VisualStudioVersion = 17.3.32819.101
MinimumVisualStudioVersion = 10.0.40219.1
Project("{9A19103F-16F7-4668-BE54-9A1E7A4F7556}") = "FirstApp", "FirstwebApp\FirstApp\FirstApp.csproj", "{13FB84A3-7DB2-49AE-A46E-43201052721B}"
EndProject
Project("{9A19103F-16F7-4668-BE54-9A1E7A4F7556}") = "WebAssignment", "WebAssignment\WebAssignment.csproj", "{E529D943-DD3D-4FBF-9173-2F795761DFDA}"
EndProject
Project("{9A19103F-16F7-4668-BE54-9A1E7A4F7556}") = "SchoolManagement", "SchoolManagement\SchoolManagement.csproj", "{23E51BBA-FB99-4D79-8F7C-BE9AF4E1D256}"
EndProject
Project("{FAE04EC0-301F-11D3-BF4B-00C04F79EFBC}") = "SchoolMGMTWeb", "SchoolMGMTWeb\SchoolMGMTWeb.csproj", "{9AD50FAB-FA47-4FA5-A59A-91AEC0CE0D70}"
EndProject
Global
	GlobalSection(SolutionConfigurationPlatforms) = preSolution
		Debug|Any CPU = Debug|Any CPU
		Release|Any CPU = Release|Any CPU
	EndGlobalSection
	GlobalSection(ProjectConfigurationPlatforms) = postSolution
		{13FB84A3-7DB2-49AE-A46E-43201052721B}.Debug|Any CPU.ActiveCfg = Debug|Any CPU
		{13FB84A3-7DB2-49AE-A46E-43201052721B}.Debug|Any CPU.Build.0 = Debug|Any CPU
		{13FB84A3-7DB2-49AE-A46E-43201052721B}.Release|Any CPU.ActiveCfg = Release|Any CPU
		{13FB84A3-7DB2-49AE-A46E-43201052721B}.Release|Any CPU.Build.0 = Release|Any CPU
		{E529D943-DD3D-4FBF-9173-2F795761DFDA}.Debug|Any CPU.ActiveCfg = Debug|Any CPU
		{E529D943-DD3D-4FBF-9173-2F795761DFDA}.Debug|Any CPU.Build.0 = Debug|Any CPU
		{E529D943-DD3D-4FBF-9173-2F795761DFDA}.Release|Any CPU.ActiveCfg = Release|Any CPU
		{E529D943-DD3D-4FBF-9173-2F795761DFDA}.Release|Any CPU.Build.0 = Release|Any CPU
		{23E51BBA-FB99-4D79-8F7C-BE9AF4E1D256}.Debug|Any CPU.ActiveCfg = Debug|Any CPU
		{23E51BBA-FB99-4D79-8F7C-BE9AF4E1D256}.Debug|Any CPU.Build.0 = Debug|Any CPU
		{23E51BBA-FB99-4D79-8F7C-BE9AF4E1D256}.Release|Any CPU.ActiveCfg = Release|Any CPU
		{23E51BBA-FB99-4D79-8F7C-BE9AF4E1D256}.Release|Any CPU.Build.0 = Release|Any CPU
		{9AD50FAB-FA47-4FA5-A59A-91AEC0CE0D70}.Debug|Any CPU.ActiveCfg = Debug|Any CPU
		{9AD50FAB-FA47-4FA5-A59A-91AEC0CE0D70}.Debug|Any CPU.Build.0 = Debug|Any CPU
		{9AD50FAB-FA47-4FA5-A59A-91AEC0CE0D70}.Release|Any CPU.ActiveCfg = Release|Any CPU
		{9AD50FAB-FA47-4FA5-A59A-91AEC0CE0D70}.Release|Any CPU.Build.0 = Release|Any CPU
	EndGlobalSection
	GlobalSection(SolutionProperties) = preSolution
		HideSolutionNode = FALSE
	EndGlobalSection
	GlobalSection(ExtensibilityGlobals) = postSolution
		SolutionGuid = {0FFE4B23-5A86-4BF1-AA2E-59AFDD422F9C}
	EndGlobalSection
EndGlobal
