
Microsoft Visual Studio Solution File, Format Version 12.00
# Visual Studio Version 17
VisualStudioVersion = 17.3.32819.101
MinimumVisualStudioVersion = 10.0.40219.1
Project("{9A19103F-16F7-4668-BE54-9A1E7A4F7556}") = "SchoolMGMTWeb", "SchoolMGMTWeb\SchoolMGMTWeb.csproj", "{9AD50FAB-FA47-4FA5-A59A-91AEC0CE0D70}"
EndProject
Project("{9A19103F-16F7-4668-BE54-9A1E7A4F7556}") = "SchoolManagement.Infrastructure", "SchoolManagement.Infrastructure\SchoolManagement.Infrastructure.csproj", "{A4F50CA8-8DC6-46FF-BE64-2F5BE750086F}"
EndProject
Project("{FAE04EC0-301F-11D3-BF4B-00C04F79EFBC}") = "SchoolManagement.ApplicationCore", "SchoolManagement.ApplicationCore2\SchoolManagement.ApplicationCore.csproj", "{3FC547A6-72C1-43CE-94BB-F57EB5A201C7}"
EndProject
Global
	GlobalSection(SolutionConfigurationPlatforms) = preSolution
		Debug|Any CPU = Debug|Any CPU
		Release|Any CPU = Release|Any CPU
	EndGlobalSection
	GlobalSection(ProjectConfigurationPlatforms) = postSolution
		{9AD50FAB-FA47-4FA5-A59A-91AEC0CE0D70}.Debug|Any CPU.ActiveCfg = Debug|Any CPU
		{9AD50FAB-FA47-4FA5-A59A-91AEC0CE0D70}.Debug|Any CPU.Build.0 = Debug|Any CPU
		{9AD50FAB-FA47-4FA5-A59A-91AEC0CE0D70}.Release|Any CPU.ActiveCfg = Release|Any CPU
		{9AD50FAB-FA47-4FA5-A59A-91AEC0CE0D70}.Release|Any CPU.Build.0 = Release|Any CPU
		{A4F50CA8-8DC6-46FF-BE64-2F5BE750086F}.Debug|Any CPU.ActiveCfg = Debug|Any CPU
		{A4F50CA8-8DC6-46FF-BE64-2F5BE750086F}.Debug|Any CPU.Build.0 = Debug|Any CPU
		{A4F50CA8-8DC6-46FF-BE64-2F5BE750086F}.Release|Any CPU.ActiveCfg = Release|Any CPU
		{A4F50CA8-8DC6-46FF-BE64-2F5BE750086F}.Release|Any CPU.Build.0 = Release|Any CPU
		{3FC547A6-72C1-43CE-94BB-F57EB5A201C7}.Debug|Any CPU.ActiveCfg = Debug|Any CPU
		{3FC547A6-72C1-43CE-94BB-F57EB5A201C7}.Debug|Any CPU.Build.0 = Debug|Any CPU
		{3FC547A6-72C1-43CE-94BB-F57EB5A201C7}.Release|Any CPU.ActiveCfg = Release|Any CPU
		{3FC547A6-72C1-43CE-94BB-F57EB5A201C7}.Release|Any CPU.Build.0 = Release|Any CPU
	EndGlobalSection
	GlobalSection(SolutionProperties) = preSolution
		HideSolutionNode = FALSE
	EndGlobalSection
	GlobalSection(ExtensibilityGlobals) = postSolution
		SolutionGuid = {0FFE4B23-5A86-4BF1-AA2E-59AFDD422F9C}
	EndGlobalSection
EndGlobal
